
Microsoft Visual Studio Solution File, Format Version 12.00
# Visual Studio Version 16
VisualStudioVersion = 16.0.31624.102
MinimumVisualStudioVersion = 10.0.40219.1
Project("{FAE04EC0-301F-11D3-BF4B-00C04F79EFBC}") = "Laba2_sem2", "Laba2_sem2\Laba2_sem2.csproj", "{ED03B914-B3CD-4964-8AA7-B26866DC3C27}"
EndProject
Global
	GlobalSection(SolutionConfigurationPlatforms) = preSolution
		Debug|Any CPU = Debug|Any CPU
		Release|Any CPU = Release|Any CPU
	EndGlobalSection
	GlobalSection(ProjectConfigurationPlatforms) = postSolution
		{ED03B914-B3CD-4964-8AA7-B26866DC3C27}.Debug|Any CPU.ActiveCfg = Debug|Any CPU
		{ED03B914-B3CD-4964-8AA7-B26866DC3C27}.Debug|Any CPU.Build.0 = Debug|Any CPU
		{ED03B914-B3CD-4964-8AA7-B26866DC3C27}.Release|Any CPU.ActiveCfg = Release|Any CPU
		{ED03B914-B3CD-4964-8AA7-B26866DC3C27}.Release|Any CPU.Build.0 = Release|Any CPU
	EndGlobalSection
	GlobalSection(SolutionProperties) = preSolution
		HideSolutionNode = FALSE
	EndGlobalSection
	GlobalSection(ExtensibilityGlobals) = postSolution
		SolutionGuid = {86D5E9B3-9422-4193-BF2C-5C8193263584}
	EndGlobalSection
EndGlobal
